
Microsoft Visual Studio Solution File, Format Version 12.00
# Visual Studio 15
VisualStudioVersion = 15.0.28010.2026
MinimumVisualStudioVersion = 10.0.40219.1
Project("{FAE04EC0-301F-11D3-BF4B-00C04F79EFBC}") = "Exercise12", "Exercise12\Exercise12.csproj", "{9260CD31-4A3C-40A4-8B70-3BDE2090BA5E}"
EndProject
Global
	GlobalSection(SolutionConfigurationPlatforms) = preSolution
		Debug|Any CPU = Debug|Any CPU
		Release|Any CPU = Release|Any CPU
	EndGlobalSection
	GlobalSection(ProjectConfigurationPlatforms) = postSolution
		{9260CD31-4A3C-40A4-8B70-3BDE2090BA5E}.Debug|Any CPU.ActiveCfg = Debug|Any CPU
		{9260CD31-4A3C-40A4-8B70-3BDE2090BA5E}.Debug|Any CPU.Build.0 = Debug|Any CPU
		{9260CD31-4A3C-40A4-8B70-3BDE2090BA5E}.Release|Any CPU.ActiveCfg = Release|Any CPU
		{9260CD31-4A3C-40A4-8B70-3BDE2090BA5E}.Release|Any CPU.Build.0 = Release|Any CPU
	EndGlobalSection
	GlobalSection(SolutionProperties) = preSolution
		HideSolutionNode = FALSE
	EndGlobalSection
	GlobalSection(ExtensibilityGlobals) = postSolution
		SolutionGuid = {5D1C77A8-C219-4038-8C04-5CE291262293}
	EndGlobalSection
EndGlobal
